
Microsoft Visual Studio Solution File, Format Version 12.00
# Visual Studio Version 16
VisualStudioVersion = 16.0.29025.244
MinimumVisualStudioVersion = 10.0.40219.1
Project("{FAE04EC0-301F-11D3-BF4B-00C04F79EFBC}") = "RazorPagesMovie", "RazorPagesMovie.csproj", "{9C3B172A-E81B-4761-9319-9A92B75EAEE3}"
EndProject
Global
	GlobalSection(SolutionConfigurationPlatforms) = preSolution
		Debug|Any CPU = Debug|Any CPU
		Release|Any CPU = Release|Any CPU
	EndGlobalSection
	GlobalSection(ProjectConfigurationPlatforms) = postSolution
		{9C3B172A-E81B-4761-9319-9A92B75EAEE3}.Debug|Any CPU.ActiveCfg = Debug|Any CPU
		{9C3B172A-E81B-4761-9319-9A92B75EAEE3}.Debug|Any CPU.Build.0 = Debug|Any CPU
		{9C3B172A-E81B-4761-9319-9A92B75EAEE3}.Release|Any CPU.ActiveCfg = Release|Any CPU
		{9C3B172A-E81B-4761-9319-9A92B75EAEE3}.Release|Any CPU.Build.0 = Release|Any CPU
	EndGlobalSection
	GlobalSection(SolutionProperties) = preSolution
		HideSolutionNode = FALSE
	EndGlobalSection
	GlobalSection(ExtensibilityGlobals) = postSolution
		SolutionGuid = {91276E8F-1AE0-4905-806A-13897D34302F}
	EndGlobalSection
EndGlobal
